
Microsoft Visual Studio Solution File, Format Version 12.00
# Visual Studio Version 16
VisualStudioVersion = 16.0.30907.101
MinimumVisualStudioVersion = 10.0.40219.1
Project("{FAE04EC0-301F-11D3-BF4B-00C04F79EFBC}") = "FindSumOfPositiveElementsArray", "FindSumOfPositiveElementsArray.csproj", "{2935D0D4-546C-473C-9E31-FFF88485FBEC}"
EndProject
Global
	GlobalSection(SolutionConfigurationPlatforms) = preSolution
		Debug|Any CPU = Debug|Any CPU
		Release|Any CPU = Release|Any CPU
	EndGlobalSection
	GlobalSection(ProjectConfigurationPlatforms) = postSolution
		{2935D0D4-546C-473C-9E31-FFF88485FBEC}.Debug|Any CPU.ActiveCfg = Debug|Any CPU
		{2935D0D4-546C-473C-9E31-FFF88485FBEC}.Debug|Any CPU.Build.0 = Debug|Any CPU
		{2935D0D4-546C-473C-9E31-FFF88485FBEC}.Release|Any CPU.ActiveCfg = Release|Any CPU
		{2935D0D4-546C-473C-9E31-FFF88485FBEC}.Release|Any CPU.Build.0 = Release|Any CPU
	EndGlobalSection
	GlobalSection(SolutionProperties) = preSolution
		HideSolutionNode = FALSE
	EndGlobalSection
	GlobalSection(ExtensibilityGlobals) = postSolution
		SolutionGuid = {CA68B099-5DD9-478A-96AD-DA2550811973}
	EndGlobalSection
EndGlobal
